PODS:
  - Flutter (1.0.0)
  - integration_test (0.0.1):
    - Flutter
  - movies_plugin (0.0.1):
    - Flutter

DEPENDENCIES:
  - Flutter (from `Flutter`)
  - integration_test (from `.symlinks/plugins/integration_test/ios`)
  - movies_plugin (from `.symlinks/plugins/movies_plugin/ios`)

EXTERNAL SOURCES:
  Flutter:
    :path: Flutter
  integration_test:
    :path: ".symlinks/plugins/integration_test/ios"
  movies_plugin:
    :path: ".symlinks/plugins/movies_plugin/ios"

SPEC CHECKSUMS:
  Flutter: e0871f40cf51350855a761d2e70bf5af5b9b5de7
  integration_test: 13825b8a9334a850581300559b8839134b124670
  movies_plugin: b8ffbed525ac0a71856dd7375dda8ea75b3c01cb

PODFILE CHECKSUM: 819463e6a0290f5a72f145ba7cde16e8b6ef0796

COCOAPODS: 1.14.3
